
Microsoft Visual Studio Solution File, Format Version 12.00
# Visual Studio Version 17
VisualStudioVersion = 17.0.32112.339
MinimumVisualStudioVersion = 10.0.40219.1
Project("{FAE04EC0-301F-11D3-BF4B-00C04F79EFBC}") = "ConsoleApp1", "ConsoleApp1\ConsoleApp1.csproj", "{7395D617-BCC5-4B62-BFE5-B3974CA6734E}"
EndProject
Project("{2150E333-8FDC-42A3-9474-1A3956D46DE8}") = "Solution Items", "Solution Items", "{F5357426-BED2-4F89-9FBA-622F50BEAA05}"
	ProjectSection(SolutionItems) = preProject
		.editorconfig = .editorconfig
	EndProjectSection
EndProject
Global
	GlobalSection(SolutionConfigurationPlatforms) = preSolution
		Debug|Any CPU = Debug|Any CPU
		Release|Any CPU = Release|Any CPU
	EndGlobalSection
	GlobalSection(ProjectConfigurationPlatforms) = postSolution
		{7395D617-BCC5-4B62-BFE5-B3974CA6734E}.Debug|Any CPU.ActiveCfg = Debug|Any CPU
		{7395D617-BCC5-4B62-BFE5-B3974CA6734E}.Debug|Any CPU.Build.0 = Debug|Any CPU
		{7395D617-BCC5-4B62-BFE5-B3974CA6734E}.Release|Any CPU.ActiveCfg = Release|Any CPU
		{7395D617-BCC5-4B62-BFE5-B3974CA6734E}.Release|Any CPU.Build.0 = Release|Any CPU
	EndGlobalSection
	GlobalSection(SolutionProperties) = preSolution
		HideSolutionNode = FALSE
	EndGlobalSection
	GlobalSection(ExtensibilityGlobals) = postSolution
		SolutionGuid = {2F3CE5E4-DFD2-4A94-95C4-160C70280319}
	EndGlobalSection
EndGlobal
